// !$*UTF8*$!
{
	archiveVersion = 1;
	classes = {
	};
	objectVersion = 46;
	objects = {

/* Begin PBXBuildFile section */
		B02CB60B1CC85FBE00BBB4ED /* VaList.m in Sources */ = {isa = PBXBuildFile; fileRef = B02CB60A1CC85FBE00BBB4ED /* VaList.m */; };
		B037B05B1C8687BE004D913F /* main.m in Sources */ = {isa = PBXBuildFile; fileRef = B037B05A1C8687BE004D913F /* main.m */; };
		B037B05E1C8687BE004D913F /* AppDelegate.m in Sources */ = {isa = PBXBuildFile; fileRef = B037B05D1C8687BE004D913F /* AppDelegate.m */; };
		B037B0611C8687BE004D913F /* ViewController.m in Sources */ = {isa = PBXBuildFile; fileRef = B037B0601C8687BE004D913F /* ViewController.m */; };
		B037B0641C8687BE004D913F /* Main.storyboard in Resources */ = {isa = PBXBuildFile; fileRef = B037B0621C8687BE004D913F /* Main.storyboard */; };
		B037B0661C8687BE004D913F /* Assets.xcassets in Resources */ = {isa = PBXBuildFile; fileRef = B037B0651C8687BE004D913F /* Assets.xcassets */; };
		B037B0691C8687BE004D913F /* LaunchScreen.storyboard in Resources */ = {isa = PBXBuildFile; fileRef = B037B0671C8687BE004D913F /* LaunchScreen.storyboard */; };
		B037B0721C8687E7004D913F /* ClassMeta.m in Sources */ = {isa = PBXBuildFile; fileRef = B037B0711C8687E7004D913F /* ClassMeta.m */; };
		B037B0751C87EA8D004D913F /* TapView.m in Sources */ = {isa = PBXBuildFile; fileRef = B037B0741C87EA8D004D913F /* TapView.m */; };
		B037B0781C88474E004D913F /* DicTo.m in Sources */ = {isa = PBXBuildFile; fileRef = B037B0771C88474E004D913F /* DicTo.m */; };
		B054FEA51CC8D0BF001DA5A4 /* TestViewController.m in Sources */ = {isa = PBXBuildFile; fileRef = B054FEA41CC8D0BF001DA5A4 /* TestViewController.m */; };
/* End PBXBuildFile section */

/* Begin PBXFileReference section */
		B02CB6091CC85FBE00BBB4ED /* VaList.h */ = {isa = PBXFileReference; fileEncoding = 4; lastKnownFileType = sourcecode.c.h; path = VaList.h; sourceTree = "<group>"; };
		B02CB60A1CC85FBE00BBB4ED /* VaList.m */ = {isa = PBXFileReference; fileEncoding = 4; lastKnownFileType = sourcecode.c.objc; path = VaList.m; sourceTree = "<group>"; };
		B037B0561C8687BE004D913F /* Runtime.app */ = {isa = PBXFileReference; explicitFileType = wrapper.application; includeInIndex = 0; path = Runtime.app; sourceTree = BUILT_PRODUCTS_DIR; };
		B037B05A1C8687BE004D913F /* main.m */ = {isa = PBXFileReference; lastKnownFileType = sourcecode.c.objc; path = main.m; sourceTree = "<group>"; };
		B037B05C1C8687BE004D913F /* AppDelegate.h */ = {isa = PBXFileReference; lastKnownFileType = sourcecode.c.h; path = AppDelegate.h; sourceTree = "<group>"; };
		B037B05D1C8687BE004D913F /* AppDelegate.m */ = {isa = PBXFileReference; lastKnownFileType = sourcecode.c.objc; path = AppDelegate.m; sourceTree = "<group>"; };
		B037B05F1C8687BE004D913F /* ViewController.h */ = {isa = PBXFileReference; lastKnownFileType = sourcecode.c.h; path = ViewController.h; sourceTree = "<group>"; };
		B037B0601C8687BE004D913F /* ViewController.m */ = {isa = PBXFileReference; lastKnownFileType = sourcecode.c.objc; path = ViewController.m; sourceTree = "<group>"; };
		B037B0631C8687BE004D913F /* Base */ = {isa = PBXFileReference; lastKnownFileType = file.storyboard; name = Base; path = Base.lproj/Main.storyboard; sourceTree = "<group>"; };
		B037B0651C8687BE004D913F /* Assets.xcassets */ = {isa = PBXFileReference; lastKnownFileType = folder.assetcatalog; path = Assets.xcassets; sourceTree = "<group>"; };
		B037B0681C8687BE004D913F /* Base */ = {isa = PBXFileReference; lastKnownFileType = file.storyboard; name = Base; path = Base.lproj/LaunchScreen.storyboard; sourceTree = "<group>"; };
		B037B06A1C8687BE004D913F /* Info.plist */ = {isa = PBXFileReference; lastKnownFileType = text.plist.xml; path = Info.plist; sourceTree = "<group>"; };
		B037B0701C8687E7004D913F /* ClassMeta.h */ = {isa = PBXFileReference; fileEncoding = 4; lastKnownFileType = sourcecode.c.h; path = ClassMeta.h; sourceTree = "<group>"; };
		B037B0711C8687E7004D913F /* ClassMeta.m */ = {isa = PBXFileReference; fileEncoding = 4; lastKnownFileType = sourcecode.c.objc; path = ClassMeta.m; sourceTree = "<group>"; };
		B037B0731C87EA8D004D913F /* TapView.h */ = {isa = PBXFileReference; fileEncoding = 4; lastKnownFileType = sourcecode.c.h; path = TapView.h; sourceTree = "<group>"; };
		B037B0741C87EA8D004D913F /* TapView.m */ = {isa = PBXFileReference; fileEncoding = 4; lastKnownFileType = sourcecode.c.objc; path = TapView.m; sourceTree = "<group>"; };
		B037B0761C88474E004D913F /* DicTo.h */ = {isa = PBXFileReference; fileEncoding = 4; lastKnownFileType = sourcecode.c.h; path = DicTo.h; sourceTree = "<group>"; };
		B037B0771C88474E004D913F /* DicTo.m */ = {isa = PBXFileReference; fileEncoding = 4; lastKnownFileType = sourcecode.c.objc; path = DicTo.m; sourceTree = "<group>"; };
		B054FEA31CC8D0BF001DA5A4 /* TestViewController.h */ = {isa = PBXFileReference; fileEncoding = 4; lastKnownFileType = sourcecode.c.h; path = TestViewController.h; sourceTree = "<group>"; };
		B054FEA41CC8D0BF001DA5A4 /* TestViewController.m */ = {isa = PBXFileReference; fileEncoding = 4; lastKnownFileType = sourcecode.c.objc; path = TestViewController.m; sourceTree = "<group>"; };
/* End PBXFileReference section */

/* Begin PBXFrameworksBuildPhase section */
		B037B0531C8687BE004D913F /* Frameworks */ = {
			isa = PBXFrameworksBuildPhase;
			buildActionMask = 2147483647;
			files = (
			);
			runOnlyForDeploymentPostprocessing = 0;
		};
/* End PBXFrameworksBuildPhase section */

/* Begin PBXGroup section */
		B037B04D1C8687BE004D913F = {
			isa = PBXGroup;
			children = (
				B037B0581C8687BE004D913F /* Runtime */,
				B037B0571C8687BE004D913F /* Products */,
			);
			sourceTree = "<group>";
		};
		B037B0571C8687BE004D913F /* Products */ = {
			isa = PBXGroup;
			children = (
				B037B0561C8687BE004D913F /* Runtime.app */,
			);
			name = Products;
			sourceTree = "<group>";
		};
		B037B0581C8687BE004D913F /* Runtime */ = {
			isa = PBXGroup;
			children = (
				B037B05C1C8687BE004D913F /* AppDelegate.h */,
				B037B05D1C8687BE004D913F /* AppDelegate.m */,
				B037B05F1C8687BE004D913F /* ViewController.h */,
				B037B0601C8687BE004D913F /* ViewController.m */,
				B054FEA31CC8D0BF001DA5A4 /* TestViewController.h */,
				B054FEA41CC8D0BF001DA5A4 /* TestViewController.m */,
				B02CB6091CC85FBE00BBB4ED /* VaList.h */,
				B02CB60A1CC85FBE00BBB4ED /* VaList.m */,
				B037B0761C88474E004D913F /* DicTo.h */,
				B037B0771C88474E004D913F /* DicTo.m */,
				B037B0731C87EA8D004D913F /* TapView.h */,
				B037B0741C87EA8D004D913F /* TapView.m */,
				B037B0701C8687E7004D913F /* ClassMeta.h */,
				B037B0711C8687E7004D913F /* ClassMeta.m */,
				B037B0621C8687BE004D913F /* Main.storyboard */,
				B037B0651C8687BE004D913F /* Assets.xcassets */,
				B037B0671C8687BE004D913F /* LaunchScreen.storyboard */,
				B037B06A1C8687BE004D913F /* Info.plist */,
				B037B0591C8687BE004D913F /* Supporting Files */,
			);
			path = Runtime;
			sourceTree = "<group>";
		};
		B037B0591C8687BE004D913F /* Supporting Files */ = {
			isa = PBXGroup;
			children = (
				B037B05A1C8687BE004D913F /* main.m */,
			);
			name = "Supporting Files";
			sourceTree = "<group>";
		};
/* End PBXGroup section */

/* Begin PBXNativeTarget section */
		B037B0551C8687BE004D913F /* Runtime */ = {
			isa = PBXNativeTarget;
			buildConfigurationList = B037B06D1C8687BE004D913F /* Build configuration list for PBXNativeTarget "Runtime" */;
			buildPhases = (
				B037B0521C8687BE004D913F /* Sources */,
				B037B0531C8687BE004D913F /* Frameworks */,
				B037B0541C8687BE004D913F /* Resources */,
			);
			buildRules = (
			);
			dependencies = (
			);
			name = Runtime;
			productName = Runtime;
			productReference = B037B0561C8687BE004D913F /* Runtime.app */;
			productType = "com.apple.product-type.application";
		};
/* End PBXNativeTarget section */

/* Begin PBXProject section */
		B037B04E1C8687BE004D913F /* Project object */ = {
			isa = PBXProject;
			attributes = {
				LastUpgradeCheck = 0710;
				ORGANIZATIONNAME = fengbangshou;
				TargetAttributes = {
					B037B0551C8687BE004D913F = {
						CreatedOnToolsVersion = 7.1;
					};
				};
			};
			buildConfigurationList = B037B0511C8687BE004D913F /* Build configuration list for PBXProject "Runtime" */;
			compatibilityVersion = "Xcode 3.2";
			developmentRegion = English;
			hasScannedForEncodings = 0;
			knownRegions = (
				en,
				Base,
			);
			mainGroup = B037B04D1C8687BE004D913F;
			productRefGroup = B037B0571C8687BE004D913F /* Products */;
			projectDirPath = "";
			projectRoot = "";
			targets = (
				B037B0551C8687BE004D913F /* Runtime */,
			);
		};
/* End PBXProject section */

/* Begin PBXResourcesBuildPhase section */
		B037B0541C8687BE004D913F /* Resources */ = {
			isa = PBXResourcesBuildPhase;
			buildActionMask = 2147483647;
			files = (
				B037B0691C8687BE004D913F /* LaunchScreen.storyboard in Resources */,
				B037B0661C8687BE004D913F /* Assets.xcassets in Resources */,
				B037B0641C8687BE004D913F /* Main.storyboard in Resources */,
			);
			runOnlyForDeploymentPostprocessing = 0;
		};
/* End PBXResourcesBuildPhase section */

/* Begin PBXSourcesBuildPhase section */
		B037B0521C8687BE004D913F /* Sources */ = {
			isa = PBXSourcesBuildPhase;
			buildActionMask = 2147483647;
			files = (
				B037B0611C8687BE004D913F /* ViewController.m in Sources */,
				B037B0751C87EA8D004D913F /* TapView.m in Sources */,
				B037B05E1C8687BE004D913F /* AppDelegate.m in Sources */,
				B037B0781C88474E004D913F /* DicTo.m in Sources */,
				B037B05B1C8687BE004D913F /* main.m in Sources */,
				B02CB60B1CC85FBE00BBB4ED /* VaList.m in Sources */,
				B054FEA51CC8D0BF001DA5A4 /* TestViewController.m in Sources */,
				B037B0721C8687E7004D913F /* ClassMeta.m in Sources */,
			);
			runOnlyForDeploymentPostprocessing = 0;
		};
/* End PBXSourcesBuildPhase section */

/* Begin PBXVariantGroup section */
		B037B0621C8687BE004D913F /* Main.storyboard */ = {
			isa = PBXVariantGroup;
			children = (
				B037B0631C8687BE004D913F /* Base */,
			);
			name = Main.storyboard;
			sourceTree = "<group>";
		};
		B037B0671C8687BE004D913F /* LaunchScreen.storyboard */ = {
			isa = PBXVariantGroup;
			children = (
				B037B0681C8687BE004D913F /* Base */,
			);
			name = LaunchScreen.storyboard;
			sourceTree = "<group>";
		};
/* End PBXVariantGroup section */

/* Begin XCBuildConfiguration section */
		B037B06B1C8687BE004D913F /* Debug */ = {
			isa = XCBuildConfiguration;
			buildSettings = {
				ALWAYS_SEARCH_USER_PATHS = NO;
				CLANG_CXX_LANGUAGE_STANDARD = "gnu++0x";
				CLANG_CXX_LIBRARY = "libc++";
				CLANG_ENABLE_MODULES = YES;
				CLANG_ENABLE_OBJC_ARC = YES;
				CLANG_WARN_BOOL_CONVERSION = YES;
				CLANG_WARN_CONSTANT_CONVERSION = YES;
				CLANG_WARN_DIRECT_OBJC_ISA_USAGE = YES_ERROR;
				CLANG_WARN_EMPTY_BODY = YES;
				CLANG_WARN_ENUM_CONVERSION = YES;
				CLANG_WARN_INT_CONVERSION = YES;
				CLANG_WARN_OBJC_ROOT_CLASS = YES_ERROR;
				CLANG_WARN_UNREACHABLE_CODE = YES;
				CLANG_WARN__DUPLICATE_METHOD_MATCH = YES;
				"CODE_SIGN_IDENTITY[sdk=iphoneos*]" = "iPhone Developer";
				COPY_PHASE_STRIP = NO;
				DEBUG_INFORMATION_FORMAT = dwarf;
				ENABLE_STRICT_OBJC_MSGSEND = YES;
				ENABLE_TESTABILITY = YES;
				GCC_C_LANGUAGE_STANDARD = gnu99;
				GCC_DYNAMIC_NO_PIC = NO;
				GCC_NO_COMMON_BLOCKS = YES;
				GCC_OPTIMIZATION_LEVEL = 0;
				GCC_PREPROCESSOR_DEFINITIONS = (
					"DEBUG=1",
					"$(inherited)",
				);
				GCC_WARN_64_TO_32_BIT_CONVERSION = YES;
				GCC_WARN_ABOUT_RETURN_TYPE = YES_ERROR;
				GCC_WARN_UNDECLARED_SELECTOR = YES;
				GCC_WARN_UNINITIALIZED_AUTOS = YES_AGGRESSIVE;
				GCC_WARN_UNUSED_FUNCTION = YES;
				GCC_WARN_UNUSED_VARIABLE = YES;
				IPHONEOS_DEPLOYMENT_TARGET = 9.1;
				MTL_ENABLE_DEBUG_INFO = YES;
				ONLY_ACTIVE_ARCH = YES;
				SDKROOT = iphoneos;
			};
			name = Debug;
		};
		B037B06C1C8687BE004D913F /* Release */ = {
			isa = XCBuildConfiguration;
			buildSettings = {
				ALWAYS_SEARCH_USER_PATHS = NO;
				CLANG_CXX_LANGUAGE_STANDARD = "gnu++0x";
				CLANG_CXX_LIBRARY = "libc++";
				CLANG_ENABLE_MODULES = YES;
				CLANG_ENABLE_OBJC_ARC = YES;
				CLANG_WARN_BOOL_CONVERSION = YES;
				CLANG_WARN_CONSTANT_CONVERSION = YES;
				CLANG_WARN_DIRECT_OBJC_ISA_USAGE = YES_ERROR;
				CLANG_WARN_EMPTY_BODY = YES;
				CLANG_WARN_ENUM_CONVERSION = YES;
				CLANG_WARN_INT_CONVERSION = YES;
				CLANG_WARN_OBJC_ROOT_CLASS = YES_ERROR;
				CLANG_WARN_UNREACHABLE_CODE = YES;
				CLANG_WARN__DUPLICATE_METHOD_MATCH = YES;
				"CODE_SIGN_IDENTITY[sdk=iphoneos*]" = "iPhone Developer";
				COPY_PHASE_STRIP = NO;
				DEBUG_INFORMATION_FORMAT = "dwarf-with-dsym";
				ENABLE_NS_ASSERTIONS = NO;
				ENABLE_STRICT_OBJC_MSGSEND = YES;
				GCC_C_LANGUAGE_STANDARD = gnu99;
				GCC_NO_COMMON_BLOCKS = YES;
				GCC_WARN_64_TO_32_BIT_CONVERSION = YES;
				GCC_WARN_ABOUT_RETURN_TYPE = YES_ERROR;
				GCC_WARN_UNDECLARED_SELECTOR = YES;
				GCC_WARN_UNINITIALIZED_AUTOS = YES_AGGRESSIVE;
				GCC_WARN_UNUSED_FUNCTION = YES;
				GCC_WARN_UNUSED_VARIABLE = YES;
				IPHONEOS_DEPLOYMENT_TARGET = 9.1;
				MTL_ENABLE_DEBUG_INFO = NO;
				SDKROOT = iphoneos;
				VALIDATE_PRODUCT = YES;
			};
			name = Release;
		};
		B037B06E1C8687BE004D913F /* Debug */ = {
			isa = XCBuildConfiguration;
			buildSettings = {
				ASSETCATALOG_COMPILER_APPICON_NAME = AppIcon;
				INFOPLIST_FILE = Runtime/Info.plist;
				LD_RUNPATH_SEARCH_PATHS = "$(inherited) @executable_path/Frameworks";
				PRODUCT_BUNDLE_IDENTIFIER = com.fengbangshou.Runtime;
				PRODUCT_NAME = "$(TARGET_NAME)";
			};
			name = Debug;
		};
		B037B06F1C8687BE004D913F /* Release */ = {
			isa = XCBuildConfiguration;
			buildSettings = {
				ASSETCATALOG_COMPILER_APPICON_NAME = AppIcon;
				INFOPLIST_FILE = Runtime/Info.plist;
				LD_RUNPATH_SEARCH_PATHS = "$(inherited) @executable_path/Frameworks";
				PRODUCT_BUNDLE_IDENTIFIER = com.fengbangshou.Runtime;
				PRODUCT_NAME = "$(TARGET_NAME)";
			};
			name = Release;
		};
/* End XCBuildConfiguration section */

/* Begin XCConfigurationList section */
		B037B0511C8687BE004D913F /* Build configuration list for PBXProject "Runtime" */ = {
			isa = XCConfigurationList;
			buildConfigurations = (
				B037B06B1C8687BE004D913F /* Debug */,
				B037B06C1C8687BE004D913F /* Release */,
			);
			defaultConfigurationIsVisible = 0;
			defaultConfigurationName = Release;
		};
		B037B06D1C8687BE004D913F /* Build configuration list for PBXNativeTarget "Runtime" */ = {
			isa = XCConfigurationList;
			buildConfigurations = (
				B037B06E1C8687BE004D913F /* Debug */,
				B037B06F1C8687BE004D913F /* Release */,
			);
			defaultConfigurationIsVisible = 0;
			defaultConfigurationName = Release;
		};
/* End XCConfigurationList section */
	};
	rootObject = B037B04E1C8687BE004D913F /* Project object */;
}
